
Microsoft Visual Studio Solution File, Format Version 12.00
# Visual Studio Version 17
VisualStudioVersion = 17.0.31903.59
MinimumVisualStudioVersion = 10.0.40219.1
Project("{2150E333-8FDC-42A3-9474-1A3956D46DE8}") = "src", "src", "{827E0CD3-B72D-47B6-A68D-7590B98EB39B}"
EndProject
Project("{FAE04EC0-301F-11D3-BF4B-00C04F79EFBC}") = "Caustikon", "src\Caustikon\Caustikon.csproj", "{A99367E5-4931-4135-A810-6E78C85BE3A1}"
EndProject
Project("{2150E333-8FDC-42A3-9474-1A3956D46DE8}") = "tests", "tests", "{0AB3BF05-4346-4AA6-1389-037BE0695223}"
EndProject
Project("{FAE04EC0-301F-11D3-BF4B-00C04F79EFBC}") = "Caustikon.Tests", "tests\Caustikon.Tests\Caustikon.Tests.csproj", "{BE7B6F00-978B-40E9-9FA3-7149E222C8FF}"
EndProject
Project("{2150E333-8FDC-42A3-9474-1A3956D46DE8}") = "benchmarks", "benchmarks", "{66320409-64EC-F7C5-3DEF-65E7510DAAD1}"
EndProject
Project("{FAE04EC0-301F-11D3-BF4B-00C04F79EFBC}") = "Caustikon.Benchmarks", "benchmarks\Caustikon.Benchmarks\Caustikon.Benchmarks.csproj", "{5C6CDC71-DB06-4C84-BA4C-8CD5280DB550}"
EndProject
Project("{2150E333-8FDC-42A3-9474-1A3956D46DE8}") = "examples", "examples", "{B36A84DF-456D-A817-6EDD-3EC3E7F6E11F}"
EndProject
Project("{FAE04EC0-301F-11D3-BF4B-00C04F79EFBC}") = "Prism", "examples\Prism\Prism.csproj", "{F6379087-0C43-4674-928F-E46D5AB8D731}"
EndProject
Project("{FAE04EC0-301F-11D3-BF4B-00C04F79EFBC}") = "CriticalBoundary", "examples\CriticalBoundary\CriticalBoundary.csproj", "{F80A5EA6-118C-46C7-9E85-07B77622376A}"
EndProject
Project("{FAE04EC0-301F-11D3-BF4B-00C04F79EFBC}") = "Caustikon.Glasses", "src\Caustikon.Glasses\Caustikon.Glasses.csproj", "{3A5C07FB-D428-49E1-9CDD-6ACF850E9313}"
EndProject
Project("{2150E333-8FDC-42A3-9474-1A3956D46DE8}") = "tools", "tools", "{07C2787E-EAC7-C090-1BA3-A61EC2A24D84}"
EndProject
Project("{FAE04EC0-301F-11D3-BF4B-00C04F79EFBC}") = "Caustikon.Glasses.Generator", "tools\Caustikon.Glasses.Generator\Caustikon.Glasses.Generator.csproj", "{05B948D0-FEB9-4FEE-9BC5-755A9A9F13FB}"
EndProject
Project("{FAE04EC0-301F-11D3-BF4B-00C04F79EFBC}") = "Caustikon.Glasses.Tests", "tests\Caustikon.Glasses.Tests\Caustikon.Glasses.Tests.csproj", "{3E58539B-4948-4810-894A-63E52C13BA63}"
EndProject
Project("{2150E333-8FDC-42A3-9474-1A3956D46DE8}") = "site", "site", "{39BD2E36-7548-A3B4-59B4-E088F7E0624A}"
EndProject
Project("{FAE04EC0-301F-11D3-BF4B-00C04F79EFBC}") = "Caustikon.Site", "site\Caustikon.Site\Caustikon.Site.csproj", "{54525B56-8AA6-47D4-91CF-6AAD43FD5C1C}"
EndProject
Project("{FAE04EC0-301F-11D3-BF4B-00C04F79EFBC}") = "Caustikon.Gallery", "tools\Caustikon.Gallery\Caustikon.Gallery.csproj", "{FB508B78-601D-47C7-BAAC-8A902A9A9FD6}"
EndProject
Global
	GlobalSection(SolutionConfigurationPlatforms) = preSolution
		Debug|Any CPU = Debug|Any CPU
		Debug|x64 = Debug|x64
		Debug|x86 = Debug|x86
		Release|Any CPU = Release|Any CPU
		Release|x64 = Release|x64
		Release|x86 = Release|x86
	EndGlobalSection
	GlobalSection(ProjectConfigurationPlatforms) = postSolution
		{A99367E5-4931-4135-A810-6E78C85BE3A1}.Debug|Any CPU.ActiveCfg = Debug|Any CPU
		{A99367E5-4931-4135-A810-6E78C85BE3A1}.Debug|Any CPU.Build.0 = Debug|Any CPU
		{A99367E5-4931-4135-A810-6E78C85BE3A1}.Debug|x64.ActiveCfg = Debug|Any CPU
		{A99367E5-4931-4135-A810-6E78C85BE3A1}.Debug|x64.Build.0 = Debug|Any CPU
		{A99367E5-4931-4135-A810-6E78C85BE3A1}.Debug|x86.ActiveCfg = Debug|Any CPU
		{A99367E5-4931-4135-A810-6E78C85BE3A1}.Debug|x86.Build.0 = Debug|Any CPU
		{A99367E5-4931-4135-A810-6E78C85BE3A1}.Release|Any CPU.ActiveCfg = Release|Any CPU
		{A99367E5-4931-4135-A810-6E78C85BE3A1}.Release|Any CPU.Build.0 = Release|Any CPU
		{A99367E5-4931-4135-A810-6E78C85BE3A1}.Release|x64.ActiveCfg = Release|Any CPU
		{A99367E5-4931-4135-A810-6E78C85BE3A1}.Release|x64.Build.0 = Release|Any CPU
		{A99367E5-4931-4135-A810-6E78C85BE3A1}.Release|x86.ActiveCfg = Release|Any CPU
		{A99367E5-4931-4135-A810-6E78C85BE3A1}.Release|x86.Build.0 = Release|Any CPU
		{BE7B6F00-978B-40E9-9FA3-7149E222C8FF}.Debug|Any CPU.ActiveCfg = Debug|Any CPU
		{BE7B6F00-978B-40E9-9FA3-7149E222C8FF}.Debug|Any CPU.Build.0 = Debug|Any CPU
		{BE7B6F00-978B-40E9-9FA3-7149E222C8FF}.Debug|x64.ActiveCfg = Debug|Any CPU
		{BE7B6F00-978B-40E9-9FA3-7149E222C8FF}.Debug|x64.Build.0 = Debug|Any CPU
		{BE7B6F00-978B-40E9-9FA3-7149E222C8FF}.Debug|x86.ActiveCfg = Debug|Any CPU
		{BE7B6F00-978B-40E9-9FA3-7149E222C8FF}.Debug|x86.Build.0 = Debug|Any CPU
		{BE7B6F00-978B-40E9-9FA3-7149E222C8FF}.Release|Any CPU.ActiveCfg = Release|Any CPU
		{BE7B6F00-978B-40E9-9FA3-7149E222C8FF}.Release|Any CPU.Build.0 = Release|Any CPU
		{BE7B6F00-978B-40E9-9FA3-7149E222C8FF}.Release|x64.ActiveCfg = Release|Any CPU
		{BE7B6F00-978B-40E9-9FA3-7149E222C8FF}.Release|x64.Build.0 = Release|Any CPU
		{BE7B6F00-978B-40E9-9FA3-7149E222C8FF}.Release|x86.ActiveCfg = Release|Any CPU
		{BE7B6F00-978B-40E9-9FA3-7149E222C8FF}.Release|x86.Build.0 = Release|Any CPU
		{5C6CDC71-DB06-4C84-BA4C-8CD5280DB550}.Debug|Any CPU.ActiveCfg = Debug|Any CPU
		{5C6CDC71-DB06-4C84-BA4C-8CD5280DB550}.Debug|Any CPU.Build.0 = Debug|Any CPU
		{5C6CDC71-DB06-4C84-BA4C-8CD5280DB550}.Debug|x64.ActiveCfg = Debug|Any CPU
		{5C6CDC71-DB06-4C84-BA4C-8CD5280DB550}.Debug|x64.Build.0 = Debug|Any CPU
		{5C6CDC71-DB06-4C84-BA4C-8CD5280DB550}.Debug|x86.ActiveCfg = Debug|Any CPU
		{5C6CDC71-DB06-4C84-BA4C-8CD5280DB550}.Debug|x86.Build.0 = Debug|Any CPU
		{5C6CDC71-DB06-4C84-BA4C-8CD5280DB550}.Release|Any CPU.ActiveCfg = Release|Any CPU
		{5C6CDC71-DB06-4C84-BA4C-8CD5280DB550}.Release|Any CPU.Build.0 = Release|Any CPU
		{5C6CDC71-DB06-4C84-BA4C-8CD5280DB550}.Release|x64.ActiveCfg = Release|Any CPU
		{5C6CDC71-DB06-4C84-BA4C-8CD5280DB550}.Release|x64.Build.0 = Release|Any CPU
		{5C6CDC71-DB06-4C84-BA4C-8CD5280DB550}.Release|x86.ActiveCfg = Release|Any CPU
		{5C6CDC71-DB06-4C84-BA4C-8CD5280DB550}.Release|x86.Build.0 = Release|Any CPU
		{F6379087-0C43-4674-928F-E46D5AB8D731}.Debug|Any CPU.ActiveCfg = Debug|Any CPU
		{F6379087-0C43-4674-928F-E46D5AB8D731}.Debug|Any CPU.Build.0 = Debug|Any CPU
		{F6379087-0C43-4674-928F-E46D5AB8D731}.Debug|x64.ActiveCfg = Debug|Any CPU
		{F6379087-0C43-4674-928F-E46D5AB8D731}.Debug|x64.Build.0 = Debug|Any CPU
		{F6379087-0C43-4674-928F-E46D5AB8D731}.Debug|x86.ActiveCfg = Debug|Any CPU
		{F6379087-0C43-4674-928F-E46D5AB8D731}.Debug|x86.Build.0 = Debug|Any CPU
		{F6379087-0C43-4674-928F-E46D5AB8D731}.Release|Any CPU.ActiveCfg = Release|Any CPU
		{F6379087-0C43-4674-928F-E46D5AB8D731}.Release|Any CPU.Build.0 = Release|Any CPU
		{F6379087-0C43-4674-928F-E46D5AB8D731}.Release|x64.ActiveCfg = Release|Any CPU
		{F6379087-0C43-4674-928F-E46D5AB8D731}.Release|x64.Build.0 = Release|Any CPU
		{F6379087-0C43-4674-928F-E46D5AB8D731}.Release|x86.ActiveCfg = Release|Any CPU
		{F6379087-0C43-4674-928F-E46D5AB8D731}.Release|x86.Build.0 = Release|Any CPU
		{F80A5EA6-118C-46C7-9E85-07B77622376A}.Debug|Any CPU.ActiveCfg = Debug|Any CPU
		{F80A5EA6-118C-46C7-9E85-07B77622376A}.Debug|Any CPU.Build.0 = Debug|Any CPU
		{F80A5EA6-118C-46C7-9E85-07B77622376A}.Debug|x64.ActiveCfg = Debug|Any CPU
		{F80A5EA6-118C-46C7-9E85-07B77622376A}.Debug|x64.Build.0 = Debug|Any CPU
		{F80A5EA6-118C-46C7-9E85-07B77622376A}.Debug|x86.ActiveCfg = Debug|Any CPU
		{F80A5EA6-118C-46C7-9E85-07B77622376A}.Debug|x86.Build.0 = Debug|Any CPU
		{F80A5EA6-118C-46C7-9E85-07B77622376A}.Release|Any CPU.ActiveCfg = Release|Any CPU
		{F80A5EA6-118C-46C7-9E85-07B77622376A}.Release|Any CPU.Build.0 = Release|Any CPU
		{F80A5EA6-118C-46C7-9E85-07B77622376A}.Release|x64.ActiveCfg = Release|Any CPU
		{F80A5EA6-118C-46C7-9E85-07B77622376A}.Release|x64.Build.0 = Release|Any CPU
		{F80A5EA6-118C-46C7-9E85-07B77622376A}.Release|x86.ActiveCfg = Release|Any CPU
		{F80A5EA6-118C-46C7-9E85-07B77622376A}.Release|x86.Build.0 = Release|Any CPU
		{3A5C07FB-D428-49E1-9CDD-6ACF850E9313}.Debug|Any CPU.ActiveCfg = Debug|Any CPU
		{3A5C07FB-D428-49E1-9CDD-6ACF850E9313}.Debug|Any CPU.Build.0 = Debug|Any CPU
		{3A5C07FB-D428-49E1-9CDD-6ACF850E9313}.Debug|x64.ActiveCfg = Debug|Any CPU
		{3A5C07FB-D428-49E1-9CDD-6ACF850E9313}.Debug|x64.Build.0 = Debug|Any CPU
		{3A5C07FB-D428-49E1-9CDD-6ACF850E9313}.Debug|x86.ActiveCfg = Debug|Any CPU
		{3A5C07FB-D428-49E1-9CDD-6ACF850E9313}.Debug|x86.Build.0 = Debug|Any CPU
		{3A5C07FB-D428-49E1-9CDD-6ACF850E9313}.Release|Any CPU.ActiveCfg = Release|Any CPU
		{3A5C07FB-D428-49E1-9CDD-6ACF850E9313}.Release|Any CPU.Build.0 = Release|Any CPU
		{3A5C07FB-D428-49E1-9CDD-6ACF850E9313}.Release|x64.ActiveCfg = Release|Any CPU
		{3A5C07FB-D428-49E1-9CDD-6ACF850E9313}.Release|x64.Build.0 = Release|Any CPU
		{3A5C07FB-D428-49E1-9CDD-6ACF850E9313}.Release|x86.ActiveCfg = Release|Any CPU
		{3A5C07FB-D428-49E1-9CDD-6ACF850E9313}.Release|x86.Build.0 = Release|Any CPU
		{05B948D0-FEB9-4FEE-9BC5-755A9A9F13FB}.Debug|Any CPU.ActiveCfg = Debug|Any CPU
		{05B948D0-FEB9-4FEE-9BC5-755A9A9F13FB}.Debug|Any CPU.Build.0 = Debug|Any CPU
		{05B948D0-FEB9-4FEE-9BC5-755A9A9F13FB}.Debug|x64.ActiveCfg = Debug|Any CPU
		{05B948D0-FEB9-4FEE-9BC5-755A9A9F13FB}.Debug|x64.Build.0 = Debug|Any CPU
		{05B948D0-FEB9-4FEE-9BC5-755A9A9F13FB}.Debug|x86.ActiveCfg = Debug|Any CPU
		{05B948D0-FEB9-4FEE-9BC5-755A9A9F13FB}.Debug|x86.Build.0 = Debug|Any CPU
		{05B948D0-FEB9-4FEE-9BC5-755A9A9F13FB}.Release|Any CPU.ActiveCfg = Release|Any CPU
		{05B948D0-FEB9-4FEE-9BC5-755A9A9F13FB}.Release|Any CPU.Build.0 = Release|Any CPU
		{05B948D0-FEB9-4FEE-9BC5-755A9A9F13FB}.Release|x64.ActiveCfg = Release|Any CPU
		{05B948D0-FEB9-4FEE-9BC5-755A9A9F13FB}.Release|x64.Build.0 = Release|Any CPU
		{05B948D0-FEB9-4FEE-9BC5-755A9A9F13FB}.Release|x86.ActiveCfg = Release|Any CPU
		{05B948D0-FEB9-4FEE-9BC5-755A9A9F13FB}.Release|x86.Build.0 = Release|Any CPU
		{3E58539B-4948-4810-894A-63E52C13BA63}.Debug|Any CPU.ActiveCfg = Debug|Any CPU
		{3E58539B-4948-4810-894A-63E52C13BA63}.Debug|Any CPU.Build.0 = Debug|Any CPU
		{3E58539B-4948-4810-894A-63E52C13BA63}.Debug|x64.ActiveCfg = Debug|Any CPU
		{3E58539B-4948-4810-894A-63E52C13BA63}.Debug|x64.Build.0 = Debug|Any CPU
		{3E58539B-4948-4810-894A-63E52C13BA63}.Debug|x86.ActiveCfg = Debug|Any CPU
		{3E58539B-4948-4810-894A-63E52C13BA63}.Debug|x86.Build.0 = Debug|Any CPU
		{3E58539B-4948-4810-894A-63E52C13BA63}.Release|Any CPU.ActiveCfg = Release|Any CPU
		{3E58539B-4948-4810-894A-63E52C13BA63}.Release|Any CPU.Build.0 = Release|Any CPU
		{3E58539B-4948-4810-894A-63E52C13BA63}.Release|x64.ActiveCfg = Release|Any CPU
		{3E58539B-4948-4810-894A-63E52C13BA63}.Release|x64.Build.0 = Release|Any CPU
		{3E58539B-4948-4810-894A-63E52C13BA63}.Release|x86.ActiveCfg = Release|Any CPU
		{3E58539B-4948-4810-894A-63E52C13BA63}.Release|x86.Build.0 = Release|Any CPU
		{54525B56-8AA6-47D4-91CF-6AAD43FD5C1C}.Debug|Any CPU.ActiveCfg = Debug|Any CPU
		{54525B56-8AA6-47D4-91CF-6AAD43FD5C1C}.Debug|Any CPU.Build.0 = Debug|Any CPU
		{54525B56-8AA6-47D4-91CF-6AAD43FD5C1C}.Debug|x64.ActiveCfg = Debug|Any CPU
		{54525B56-8AA6-47D4-91CF-6AAD43FD5C1C}.Debug|x64.Build.0 = Debug|Any CPU
		{54525B56-8AA6-47D4-91CF-6AAD43FD5C1C}.Debug|x86.ActiveCfg = Debug|Any CPU
		{54525B56-8AA6-47D4-91CF-6AAD43FD5C1C}.Debug|x86.Build.0 = Debug|Any CPU
		{54525B56-8AA6-47D4-91CF-6AAD43FD5C1C}.Release|Any CPU.ActiveCfg = Release|Any CPU
		{54525B56-8AA6-47D4-91CF-6AAD43FD5C1C}.Release|Any CPU.Build.0 = Release|Any CPU
		{54525B56-8AA6-47D4-91CF-6AAD43FD5C1C}.Release|x64.ActiveCfg = Release|Any CPU
		{54525B56-8AA6-47D4-91CF-6AAD43FD5C1C}.Release|x64.Build.0 = Release|Any CPU
		{54525B56-8AA6-47D4-91CF-6AAD43FD5C1C}.Release|x86.ActiveCfg = Release|Any CPU
		{54525B56-8AA6-47D4-91CF-6AAD43FD5C1C}.Release|x86.Build.0 = Release|Any CPU
		{FB508B78-601D-47C7-BAAC-8A902A9A9FD6}.Debug|Any CPU.ActiveCfg = Debug|Any CPU
		{FB508B78-601D-47C7-BAAC-8A902A9A9FD6}.Debug|Any CPU.Build.0 = Debug|Any CPU
		{FB508B78-601D-47C7-BAAC-8A902A9A9FD6}.Debug|x64.ActiveCfg = Debug|Any CPU
		{FB508B78-601D-47C7-BAAC-8A902A9A9FD6}.Debug|x64.Build.0 = Debug|Any CPU
		{FB508B78-601D-47C7-BAAC-8A902A9A9FD6}.Debug|x86.ActiveCfg = Debug|Any CPU
		{FB508B78-601D-47C7-BAAC-8A902A9A9FD6}.Debug|x86.Build.0 = Debug|Any CPU
		{FB508B78-601D-47C7-BAAC-8A902A9A9FD6}.Release|Any CPU.ActiveCfg = Release|Any CPU
		{FB508B78-601D-47C7-BAAC-8A902A9A9FD6}.Release|Any CPU.Build.0 = Release|Any CPU
		{FB508B78-601D-47C7-BAAC-8A902A9A9FD6}.Release|x64.ActiveCfg = Release|Any CPU
		{FB508B78-601D-47C7-BAAC-8A902A9A9FD6}.Release|x64.Build.0 = Release|Any CPU
		{FB508B78-601D-47C7-BAAC-8A902A9A9FD6}.Release|x86.ActiveCfg = Release|Any CPU
		{FB508B78-601D-47C7-BAAC-8A902A9A9FD6}.Release|x86.Build.0 = Release|Any CPU
	EndGlobalSection
	GlobalSection(SolutionProperties) = preSolution
		HideSolutionNode = FALSE
	EndGlobalSection
	GlobalSection(NestedProjects) = preSolution
		{A99367E5-4931-4135-A810-6E78C85BE3A1} = {827E0CD3-B72D-47B6-A68D-7590B98EB39B}
		{BE7B6F00-978B-40E9-9FA3-7149E222C8FF} = {0AB3BF05-4346-4AA6-1389-037BE0695223}
		{5C6CDC71-DB06-4C84-BA4C-8CD5280DB550} = {66320409-64EC-F7C5-3DEF-65E7510DAAD1}
		{F6379087-0C43-4674-928F-E46D5AB8D731} = {B36A84DF-456D-A817-6EDD-3EC3E7F6E11F}
		{F80A5EA6-118C-46C7-9E85-07B77622376A} = {B36A84DF-456D-A817-6EDD-3EC3E7F6E11F}
		{3A5C07FB-D428-49E1-9CDD-6ACF850E9313} = {827E0CD3-B72D-47B6-A68D-7590B98EB39B}
		{05B948D0-FEB9-4FEE-9BC5-755A9A9F13FB} = {07C2787E-EAC7-C090-1BA3-A61EC2A24D84}
		{3E58539B-4948-4810-894A-63E52C13BA63} = {0AB3BF05-4346-4AA6-1389-037BE0695223}
		{54525B56-8AA6-47D4-91CF-6AAD43FD5C1C} = {39BD2E36-7548-A3B4-59B4-E088F7E0624A}
		{FB508B78-601D-47C7-BAAC-8A902A9A9FD6} = {07C2787E-EAC7-C090-1BA3-A61EC2A24D84}
	EndGlobalSection
EndGlobal
